
Microsoft Visual Studio Solution File, Format Version 12.00
# Visual Studio Version 16
VisualStudioVersion = 16.0.29326.143
MinimumVisualStudioVersion = 10.0.40219.1
Project("{FAE04EC0-301F-11D3-BF4B-00C04F79EFBC}") = "LinqProject", "LinqProject\LinqProject.csproj", "{3CE47944-EDD0-4D8E-B5B0-D0167054E1AD}"
EndProject
Global
	GlobalSection(SolutionConfigurationPlatforms) = preSolution
		Debug|Any CPU = Debug|Any CPU
		Release|Any CPU = Release|Any CPU
	EndGlobalSection
	GlobalSection(ProjectConfigurationPlatforms) = postSolution
		{3CE47944-EDD0-4D8E-B5B0-D0167054E1AD}.Debug|Any CPU.ActiveCfg = Debug|Any CPU
		{3CE47944-EDD0-4D8E-B5B0-D0167054E1AD}.Debug|Any CPU.Build.0 = Debug|Any CPU
		{3CE47944-EDD0-4D8E-B5B0-D0167054E1AD}.Release|Any CPU.ActiveCfg = Release|Any CPU
		{3CE47944-EDD0-4D8E-B5B0-D0167054E1AD}.Release|Any CPU.Build.0 = Release|Any CPU
	EndGlobalSection
	GlobalSection(SolutionProperties) = preSolution
		HideSolutionNode = FALSE
	EndGlobalSection
	GlobalSection(ExtensibilityGlobals) = postSolution
		SolutionGuid = {D913CA7F-E632-42FD-83F2-82A78E29D967}
	EndGlobalSection
EndGlobal
